# generated by rye
# use `rye lock` or `rye sync` to update this lockfile
#
# last locked with the following flags:
#   pre: false
#   features: []
#   all-features: false
#   with-sources: false
#   generate-hashes: false
#   universal: false

-e file:.
buildozer==1.5.0
    # via piecewise
certifi==2024.7.4
    # via requests
charset-normalizer==3.3.2
    # via requests
distlib==0.3.8
    # via virtualenv
docutils==0.21.2
    # via kivy
filelock==3.15.4
    # via virtualenv
idna==3.7
    # via requests
kivy==2.3.0
    # via piecewise
kivy-garden==0.1.5
    # via kivy
pexpect==4.9.0
    # via buildozer
platformdirs==4.2.2
    # via virtualenv
ptyprocess==0.7.0
    # via pexpect
pygments==2.18.0
    # via kivy
requests==2.32.3
    # via kivy-garden
setuptools==72.2.0
    # via piecewise
sh==2.0.7
    # via buildozer
urllib3==2.2.2
    # via requests
virtualenv==20.26.3
    # via buildozer
